# THIS IS AN AUTOGENERATED FILE. DO NOT EDIT THIS FILE DIRECTLY.
# yarn lockfile v1


"@angular-devkit/core@16.2.10", "@angular-devkit/core@^16.1.8":
  version "16.2.10"
  resolved "https://registry.yarnpkg.com/@angular-devkit/core/-/core-16.2.10.tgz#a095b86ae914445fdc83221e8c37d9355168a039"
  integrity sha512-eo7suLDjyu5bSlEr4TluYkFm4v2PVLSAPgnau8XHHlN5Yg4P/BZ00ve7LA7C9S1gzRSCrxQhK5ki4rnoFTo5zg==
  dependencies:
    ajv "8.12.0"
    ajv-formats "2.1.1"
    jsonc-parser "3.2.0"
    picomatch "2.3.1"
    rxjs "7.8.1"
    source-map "0.7.4"

"@angular-devkit/schematics@16.2.10", "@angular-devkit/schematics@^16.1.8":
  version "16.2.10"
  resolved "https://registry.yarnpkg.com/@angular-devkit/schematics/-/schematics-16.2.10.tgz#879fd0f130a00c88a57c9a8b64be3b4cd822771b"
  integrity sha512-UCfPJKVNekb21bWRbzyx81tfHN3x8vU4ZMX/VA6xALg//QalMB7NOkkXBAssthnLastkyzkUtlvApTp2+R+EkQ==
  dependencies:
    "@angular-devkit/core" "16.2.10"
    jsonc-parser "3.2.0"
    magic-string "0.30.1"
    ora "5.4.1"
    rxjs "7.8.1"

"@angular/cdk@^16.1.7":
  version "16.2.12"
  resolved "https://registry.yarnpkg.com/@angular/cdk/-/cdk-16.2.12.tgz#013b412a0a112b2e86eaac990550ad20cb169107"
  integrity sha512-wT8/265zm2WKY0BDaRoYbrAT4kadrmejTRLjuimQIEUKnw4vBsJMWCwQkpFo3s6zr6eznGqYVAFb8KKPVLKGBg==
  dependencies:
    tslib "^2.3.0"
  optionalDependencies:
    parse5 "^7.1.2"

"@jridgewell/sourcemap-codec@^1.4.15":
  version "1.4.15"
  resolved "https://registry.yarnpkg.com/@jridgewell/sourcemap-codec/-/sourcemap-codec-1.4.15.tgz#d7c6e6755c78567a951e04ab52ef0fd26de59f32"
  integrity sha512-eF2rxCRulEKXHTRiDrDy6erMYWqNw4LPdQ8UQA4huuxaQsVeRPFl2oM8oDGxMFhJUWZf9McpLtJasDDZb/Bpeg==

"@schematics/angular@^16.1.8":
  version "16.2.10"
  resolved "https://registry.yarnpkg.com/@schematics/angular/-/angular-16.2.10.tgz#1407a471367f0b7e1c37f9280a5756696ed8cffe"
  integrity sha512-PXmoswvN7qknTsXDmEvhZ9UG+awwWnQ/1Jd/eqqQx08iAaAT81OsXj1bN7eSs6tEGBKGjPb6q2xzuiECAdymzg==
  dependencies:
    "@angular-devkit/core" "16.2.10"
    "@angular-devkit/schematics" "16.2.10"
    jsonc-parser "3.2.0"

"@types/jasmine@~4.3.0":
  version "4.3.6"
  resolved "https://registry.yarnpkg.com/@types/jasmine/-/jasmine-4.3.6.tgz#d9855fa9f808138488784610f888046bb9a59aff"
  integrity sha512-3N0FpQTeiWjm+Oo1WUYWguUS7E6JLceiGTriFrG8k5PU7zRLJCzLcWURU3wjMbZGS//a2/LgjsnO3QxIlwxt9g==

"@types/json5@0.0.30":
  version "0.0.30"
  resolved "https://registry.yarnpkg.com/@types/json5/-/json5-0.0.30.tgz#44cb52f32a809734ca562e685c6473b5754a7818"
  integrity sha512-sqm9g7mHlPY/43fcSNrCYfOeX9zkTTK+euO5E6+CVijSMm5tTjkVdwdqRkY3ljjIAf8679vps5jKUoJBCLsMDA==

"@types/node@^16.11.7":
  version "16.18.61"
  resolved "https://registry.yarnpkg.com/@types/node/-/node-16.18.61.tgz#5ea47e3018348bf3bbbe646b396ba5e720310be1"
  integrity sha512-k0N7BqGhJoJzdh6MuQg1V1ragJiXTh8VUBAZTWjJ9cUq23SG0F0xavOwZbhiP4J3y20xd6jxKx+xNUhkMAi76Q==

abbrev@1:
  version "1.1.1"
  resolved "https://registry.yarnpkg.com/abbrev/-/abbrev-1.1.1.tgz#f8f2c887ad10bf67f634f005b6987fed3179aac8"
  integrity sha512-nne9/IiQ/hzIhY6pdDnbBtz7DjPTKrY00P/zvPSm5pOFkl6xuGrGnXn/VtTNNfNtAfZ9/1RtehkszU9qcTii0Q==

abbrev@1.0.x:
  version "1.0.9"
  resolved "https://registry.yarnpkg.com/abbrev/-/abbrev-1.0.9.tgz#91b4792588a7738c25f35dd6f63752a2f8776135"
  integrity sha512-LEyx4aLEC3x6T0UguF6YILf+ntvmOaWsVfENmIW0E9H09vKlLDGelMjjSm0jkDHALj8A8quZ/HapKNigzwge+Q==

ajv-formats@2.1.1:
  version "2.1.1"
  resolved "https://registry.yarnpkg.com/ajv-formats/-/ajv-formats-2.1.1.tgz#6e669400659eb74973bbf2e33327180a0996b520"
  integrity sha512-Wx0Kx52hxE7C18hkMEggYlEifqWZtYaRgouJor+WMdPnQyEK13vgEWyVNup7SoeeoLMsr4kf5h6dOW11I15MUA==
  dependencies:
    ajv "^8.0.0"

ajv@8.12.0, ajv@^8.0.0:
  version "8.12.0"
  resolved "https://registry.yarnpkg.com/ajv/-/ajv-8.12.0.tgz#d1a0527323e22f53562c567c00991577dfbe19d1"
  integrity sha512-sRu1kpcO9yLtYxBKvqfTeh9KzZEwO3STyX1HT+4CaDzC6HpTGYhIhPIzj9XuKU7KYDwnaeh5hcOwjy1QuJzBPA==
  dependencies:
    fast-deep-equal "^3.1.1"
    json-schema-traverse "^1.0.0"
    require-from-string "^2.0.2"
    uri-js "^4.2.2"

amdefine@>=0.0.4:
  version "1.0.1"
  resolved "https://registry.yarnpkg.com/amdefine/-/amdefine-1.0.1.tgz#4a5282ac164729e93619bcfd3ad151f817ce91f5"
  integrity sha512-S2Hw0TtNkMJhIabBwIojKL9YHO5T0n5eNqWJ7Lrlel/zDbftQpxpapi8tZs3X1HWa+u+QeydGmzzNU0m09+Rcg==

"angular-crud@https://github.com/countrdd/angular-crud":
  version "0.0.0"
  resolved "https://github.com/countrdd/angular-crud#6fbccca79ec47bc850f3e43d4569909d21c29603"

ansi-regex@^5.0.1:
  version "5.0.1"
  resolved "https://registry.yarnpkg.com/ansi-regex/-/ansi-regex-5.0.1.tgz#082cb2c89c9fe8659a311a53bd6a4dc5301db304"
  integrity sha512-quJQXlTSUGL2LH9SUXo8VwsY4soanhgo6LNSm84E1LBcE8s3O0wpdiRzyR9z/ZZJMlMWv37qOOb9pdJlMUEKFQ==

ansi-styles@^4.1.0:
  version "4.3.0"
  resolved "https://registry.yarnpkg.com/ansi-styles/-/ansi-styles-4.3.0.tgz#edd803628ae71c04c85ae7a0906edad34b648937"
  integrity sha512-zbB9rCJAT1rbjiVDb2hqKFHNYLxgtk8NURxZ3IZwD3F6NtxbXZQCnnSi1Lkx+IDohdPlFp222wVALIheZJQSEg==
  dependencies:
    color-convert "^2.0.1"

argparse@^1.0.7:
  version "1.0.10"
  resolved "https://registry.yarnpkg.com/argparse/-/argparse-1.0.10.tgz#bcd6791ea5ae09725e17e5ad988134cd40b3d911"
  integrity sha512-o5Roy6tNG4SL/FOkCAN6RzjiakZS25RLYFrcMttJqbdd8BWrnA+fGz57iN5Pb06pvBGvl5gQ0B48dJlslXvoTg==
  dependencies:
    sprintf-js "~1.0.2"

async@1.x:
  version "1.5.2"
  resolved "https://registry.yarnpkg.com/async/-/async-1.5.2.tgz#ec6a61ae56480c0c3cb241c95618e20892f9672a"
  integrity sha512-nSVgobk4rv61R9PUSDtYt7mPVB2olxNR5RWJcAsH676/ef11bUZwvu7+RGYrYauVdDPcO519v68wRhXQtxsV9w==

balanced-match@^1.0.0:
  version "1.0.2"
  resolved "https://registry.yarnpkg.com/balanced-match/-/balanced-match-1.0.2.tgz#e83e3a7e3f300b34cb9d87f615fa0cbf357690ee"
  integrity sha512-3oSeUO0TMV67hN1AmbXsK4yaqU7tjiHlbxRDZOpH0KW9+CeX4bRAaX0Anxt0tx2MrpRpWwQaPwIlISEJhYU5Pw==

base64-js@^1.3.1:
  version "1.5.1"
  resolved "https://registry.yarnpkg.com/base64-js/-/base64-js-1.5.1.tgz#1b1b440160a5bf7ad40b650f095963481903930a"
  integrity sha512-AKpaYlHn8t4SVbOHCy+b5+KKgvR4vrsD8vbvrbiQJps7fKDTkjkDry6ji0rUJjC0kzbNePLwzxq8iypo41qeWA==

bl@^4.1.0:
  version "4.1.0"
  resolved "https://registry.yarnpkg.com/bl/-/bl-4.1.0.tgz#451535264182bec2fbbc83a62ab98cf11d9f7b3a"
  integrity sha512-1W07cM9gS6DcLperZfFSj+bWLtaPGSOHWhPiGzXmvVJbRLdG82sH/Kn8EtW1VqWVA54AKf2h5k5BbnIbwF3h6w==
  dependencies:
    buffer "^5.5.0"
    inherits "^2.0.4"
    readable-stream "^3.4.0"

brace-expansion@^1.1.7:
  version "1.1.11"
  resolved "https://registry.yarnpkg.com/brace-expansion/-/brace-expansion-1.1.11.tgz#3c7fcbf529d87226f3d2f52b966ff5271eb441dd"
  integrity sha512-iCuPHDFgrHX7H2vEI/5xpz07zSHB00TpugqhmYtVmMO6518mCuRMoOYFldEBl0g187ufozdaHgWKcYFb61qGiA==
  dependencies:
    balanced-match "^1.0.0"
    concat-map "0.0.1"

buffer@^5.5.0:
  version "5.7.1"
  resolved "https://registry.yarnpkg.com/buffer/-/buffer-5.7.1.tgz#ba62e7c13133053582197160851a8f648e99eed0"
  integrity sha512-EHcyIPBQ4BSGlvjB16k5KgAJ27CIsHY/2JBmCRReo48y9rQ3MaUzWX3KVlBa4U7MyX02HdVj0K7C3WaB3ju7FQ==
  dependencies:
    base64-js "^1.3.1"
    ieee754 "^1.1.13"

chalk@^4.1.0, chalk@^4.1.2:
  version "4.1.2"
  resolved "https://registry.yarnpkg.com/chalk/-/chalk-4.1.2.tgz#aac4e2b7734a740867aeb16bf02aad556a1e7a01"
  integrity sha512-oKnbhFyRIXpUuez8iBMmyEa4nbj4IOQyuhc/wy9kY7/WVPcwIO9VA668Pu8RkO7+0G76SLROeyw9CpQ061i4mA==
  dependencies:
    ansi-styles "^4.1.0"
    supports-color "^7.1.0"

cli-cursor@^3.1.0:
  version "3.1.0"
  resolved "https://registry.yarnpkg.com/cli-cursor/-/cli-cursor-3.1.0.tgz#264305a7ae490d1d03bf0c9ba7c925d1753af307"
  integrity sha512-I/zHAwsKf9FqGoXM4WWRACob9+SNukZTd94DWF57E4toouRulbCxcUh6RKUEOQlYTHJnzkPMySvPNaaSLNfLZw==
  dependencies:
    restore-cursor "^3.1.0"

cli-spinners@^2.5.0:
  version "2.9.1"
  resolved "https://registry.yarnpkg.com/cli-spinners/-/cli-spinners-2.9.1.tgz#9c0b9dad69a6d47cbb4333c14319b060ed395a35"
  integrity sha512-jHgecW0pxkonBJdrKsqxgRX9AcG+u/5k0Q7WPDfi8AogLAdwxEkyYYNWwZ5GvVFoFx2uiY1eNcSK00fh+1+FyQ==

clone@^1.0.2:
  version "1.0.4"
  resolved "https://registry.yarnpkg.com/clone/-/clone-1.0.4.tgz#da309cc263df15994c688ca902179ca3c7cd7c7e"
  integrity sha512-JQHZ2QMW6l3aH/j6xCqQThY/9OH4D/9ls34cgkUBiEeocRTU04tHfKPBsUK1PqZCUQM7GiA0IIXJSuXHI64Kbg==

color-convert@^2.0.1:
  version "2.0.1"
  resolved "https://registry.yarnpkg.com/color-convert/-/color-convert-2.0.1.tgz#72d3a68d598c9bdb3af2ad1e84f21d896abd4de3"
  integrity sha512-RRECPsj7iu/xb5oKYcsFHSppFNnsj/52OVTRKb4zP5onXwVF3zVmmToNcOfGC+CRDpfK/U584fMg38ZHCaElKQ==
  dependencies:
    color-name "~1.1.4"

color-name@~1.1.4:
  version "1.1.4"
  resolved "https://registry.yarnpkg.com/color-name/-/color-name-1.1.4.tgz#c2a09a87acbde69543de6f63fa3995c826c536a2"
  integrity sha512-dOy+3AuW3a2wNbZHIuMZpTcgjGuLU/uBL/ubcZF9OXbDo8ff4O8yVp5Bf0efS8uEoYo5q4Fx7dY9OgQGXgAsQA==

concat-map@0.0.1:
  version "0.0.1"
  resolved "https://registry.yarnpkg.com/concat-map/-/concat-map-0.0.1.tgz#d8a96bd77fd68df7793a73036a3ba0d5405d477b"
  integrity sha512-/Srv4dswyQNBfohGpz9o6Yb3Gz3SrUDqBH5rTuhGR7ahtlbYKnVxw2bCFMRljaA7EXHaXZ8wsHdodFvbkhKmqg==

deep-is@~0.1.3:
  version "0.1.4"
  resolved "https://registry.yarnpkg.com/deep-is/-/deep-is-0.1.4.tgz#a6f2dce612fadd2ef1f519b73551f17e85199831"
  integrity sha512-oIPzksmTg4/MriiaYGO+okXDT7ztn/w3Eptv/+gSIdMdKsJo0u4CfYNFJPy+4SKMuCqGw2wxnA+URMg3t8a/bQ==

defaults@^1.0.3:
  version "1.0.4"
  resolved "https://registry.yarnpkg.com/defaults/-/defaults-1.0.4.tgz#b0b02062c1e2aa62ff5d9528f0f98baa90978d7a"
  integrity sha512-eFuaLoy/Rxalv2kr+lqMlUnrDWV+3j4pljOIJgLIhI058IQfWJ7vXhyEIHu+HtC738klGALYxOKDO0bQP3tg8A==
  dependencies:
    clone "^1.0.2"

entities@^4.4.0:
  version "4.5.0"
  resolved "https://registry.yarnpkg.com/entities/-/entities-4.5.0.tgz#5d268ea5e7113ec74c4d033b79ea5a35a488fb48"
  integrity sha512-V0hjH4dGPh9Ao5p0MoRY6BVqtwCjhz6vI5LT8AJ55H+4g9/4vbHx1I54fS0XuclLhDHArPQCiMjDxjaL8fPxhw==

escodegen@1.8.x:
  version "1.8.1"
  resolved "https://registry.yarnpkg.com/escodegen/-/escodegen-1.8.1.tgz#5a5b53af4693110bebb0867aa3430dd3b70a1018"
  integrity sha512-yhi5S+mNTOuRvyW4gWlg5W1byMaQGWWSYHXsuFZ7GBo7tpyOwi2EdzMP/QWxh9hwkD2m+wDVHJsxhRIj+v/b/A==
  dependencies:
    esprima "^2.7.1"
    estraverse "^1.9.1"
    esutils "^2.0.2"
    optionator "^0.8.1"
  optionalDependencies:
    source-map "~0.2.0"

esprima@2.7.x, esprima@^2.7.1:
  version "2.7.3"
  resolved "https://registry.yarnpkg.com/esprima/-/esprima-2.7.3.tgz#96e3b70d5779f6ad49cd032673d1c312767ba581"
  integrity sha512-OarPfz0lFCiW4/AV2Oy1Rp9qu0iusTKqykwTspGCZtPxmF81JR4MmIebvF1F9+UOKth2ZubLQ4XGGaU+hSn99A==

esprima@^4.0.0:
  version "4.0.1"
  resolved "https://registry.yarnpkg.com/esprima/-/esprima-4.0.1.tgz#13b04cdb3e6c5d19df91ab6987a8695619b0aa71"
  integrity sha512-eGuFFw7Upda+g4p+QHvnW0RyTX/SVeJBDM/gCtMARO0cLuT2HcEKnTPvhjV6aGeqrCB/sbNop0Kszm0jsaWU4A==

estraverse@^1.9.1:
  version "1.9.3"
  resolved "https://registry.yarnpkg.com/estraverse/-/estraverse-1.9.3.tgz#af67f2dc922582415950926091a4005d29c9bb44"
  integrity sha512-25w1fMXQrGdoquWnScXZGckOv+Wes+JDnuN/+7ex3SauFRS72r2lFDec0EKPt2YD1wUJ/IrfEex+9yp4hfSOJA==

esutils@^2.0.2:
  version "2.0.3"
  resolved "https://registry.yarnpkg.com/esutils/-/esutils-2.0.3.tgz#74d2eb4de0b8da1293711910d50775b9b710ef64"
  integrity sha512-kVscqXk4OCp68SZ0dkgEKVi6/8ij300KBWTJq32P/dYeWTSwK41WyTxalN1eRmA5Z9UU/LX9D7FWSmV9SAYx6g==

fast-deep-equal@^3.1.1:
  version "3.1.3"
  resolved "https://registry.yarnpkg.com/fast-deep-equal/-/fast-deep-equal-3.1.3.tgz#3a7d56b559d6cbc3eb512325244e619a65c6c525"
  integrity sha512-f3qQ9oQy9j2AhBe/H9VC91wLmKBCCU/gDOnKNAYG5hswO7BLKj09Hc5HYNz9cGI++xlpDCIgDaitVs03ATR84Q==

fast-levenshtein@~2.0.6:
  version "2.0.6"
  resolved "https://registry.yarnpkg.com/fast-levenshtein/-/fast-levenshtein-2.0.6.tgz#3d8a5c66883a16a30ca8643e851f19baa7797917"
  integrity sha512-DCXu6Ifhqcks7TZKY3Hxp3y6qphY5SJZmrWMDrKcERSOXWQdMhU9Ig/PYrzyw/ul9jOIyh0N4M0tbC5hodg8dw==

fs.realpath@^1.0.0:
  version "1.0.0"
  resolved "https://registry.yarnpkg.com/fs.realpath/-/fs.realpath-1.0.0.tgz#1504ad2523158caa40db4a2787cb01411994ea4f"
  integrity sha512-OO0pH2lK6a0hZnAdau5ItzHPI6pUlvI7jMVnxUQRtw4owF2wk8lOSabtGDCTP4Ggrg2MbGnWO9X8K1t4+fGMDw==

glob@^5.0.15:
  version "5.0.15"
  resolved "https://registry.yarnpkg.com/glob/-/glob-5.0.15.tgz#1bc936b9e02f4a603fcc222ecf7633d30b8b93b1"
  integrity sha512-c9IPMazfRITpmAAKi22dK1VKxGDX9ehhqfABDriL/lzO92xcUKEJPQHrVA/2YHSNFB4iFlykVmWvwo48nr3OxA==
  dependencies:
    inflight "^1.0.4"
    inherits "2"
    minimatch "2 || 3"
    once "^1.3.0"
    path-is-absolute "^1.0.0"

glob@^7.1.6:
  version "7.2.3"
  resolved "https://registry.yarnpkg.com/glob/-/glob-7.2.3.tgz#b8df0fb802bbfa8e89bd1d938b4e16578ed44f2b"
  integrity sha512-nFR0zLpU2YCaRxwoCJvL6UvCH2JFyFVIvwTLsIf21AuHlMskA1hhTdk+LlYJtOlYt9v6dvszD2BGRqBL+iQK9Q==
  dependencies:
    fs.realpath "^1.0.0"
    inflight "^1.0.4"
    inherits "2"
    minimatch "^3.1.1"
    once "^1.3.0"
    path-is-absolute "^1.0.0"

handlebars@^4.0.1:
  version "4.7.8"
  resolved "https://registry.yarnpkg.com/handlebars/-/handlebars-4.7.8.tgz#41c42c18b1be2365439188c77c6afae71c0cd9e9"
  integrity sha512-vafaFqs8MZkRrSX7sFVUdo3ap/eNiLnb4IakshzvP56X5Nr1iGKAIqdX6tMlm6HcNRIkr6AxO5jFEoJzzpT8aQ==
  dependencies:
    minimist "^1.2.5"
    neo-async "^2.6.2"
    source-map "^0.6.1"
    wordwrap "^1.0.0"
  optionalDependencies:
    uglify-js "^3.1.4"

has-flag@^1.0.0:
  version "1.0.0"
  resolved "https://registry.yarnpkg.com/has-flag/-/has-flag-1.0.0.tgz#9d9e793165ce017a00f00418c43f942a7b1d11fa"
  integrity sha512-DyYHfIYwAJmjAjSSPKANxI8bFY9YtFrgkAfinBojQ8YJTOuOuav64tMUJv584SES4xl74PmuaevIyaLESHdTAA==

has-flag@^4.0.0:
  version "4.0.0"
  resolved "https://registry.yarnpkg.com/has-flag/-/has-flag-4.0.0.tgz#944771fd9c81c81265c4d6941860da06bb59479b"
  integrity sha512-EykJT/Q1KjTWctppgIAgfSO0tKVuZUjhgMr17kqTumMl6Afv3EISleU7qZUzoXDFTAHTDC4NOoG/ZxU3EvlMPQ==

ieee754@^1.1.13:
  version "1.2.1"
  resolved "https://registry.yarnpkg.com/ieee754/-/ieee754-1.2.1.tgz#8eb7a10a63fff25d15a57b001586d177d1b0d352"
  integrity sha512-dcyqhDvX1C46lXZcVqCpK+FtMRQVdIMN6/Df5js2zouUsqG7I6sFxitIC+7KYK29KdXOLHdu9zL4sFnoVQnqaA==

inflight@^1.0.4:
  version "1.0.6"
  resolved "https://registry.yarnpkg.com/inflight/-/inflight-1.0.6.tgz#49bd6331d7d02d0c09bc910a1075ba8165b56df9"
  integrity sha512-k92I/b08q4wvFscXCLvqfsHCrjrF7yiXsQuIVvVE7N82W3+aqpzuUdBbfhWcy/FZR3/4IgflMgKLOsvPDrGCJA==
  dependencies:
    once "^1.3.0"
    wrappy "1"

inherits@2, inherits@^2.0.3, inherits@^2.0.4:
  version "2.0.4"
  resolved "https://registry.yarnpkg.com/inherits/-/inherits-2.0.4.tgz#0fa2c64f932917c3433a0ded55363aae37416b7c"
  integrity sha512-k/vGaX4/Yla3WzyMCvTQOXYeIHvqOKtnqBduzTHpzpQZzAskKMhZ2K+EnBiSM9zGSoIFeMpXKxa4dYeZIQqewQ==

is-interactive@^1.0.0:
  version "1.0.0"
  resolved "https://registry.yarnpkg.com/is-interactive/-/is-interactive-1.0.0.tgz#cea6e6ae5c870a7b0a0004070b7b587e0252912e"
  integrity sha512-2HvIEKRoqS62guEC+qBjpvRubdX910WCMuJTZ+I9yvqKU2/12eSL549HMwtabb4oupdj2sMP50k+XJfB/8JE6w==

is-unicode-supported@^0.1.0:
  version "0.1.0"
  resolved "https://registry.yarnpkg.com/is-unicode-supported/-/is-unicode-supported-0.1.0.tgz#3f26c76a809593b52bfa2ecb5710ed2779b522a7"
  integrity sha512-knxG2q4UC3u8stRGyAVJCOdxFmv5DZiRcdlIaAQXAbSfJya+OhopNotLQrstBhququ4ZpuKbDc/8S6mgXgPFPw==

isexe@^2.0.0:
  version "2.0.0"
  resolved "https://registry.yarnpkg.com/isexe/-/isexe-2.0.0.tgz#e8fbf374dc556ff8947a10dcb0572d633f2cfa10"
  integrity sha512-RHxMLp9lnKHGHRng9QFhRCMbYAcVpn69smSGcq3f36xjgVVWThj4qqLbTLlq7Ssj8B+fIQ1EuCEGI2lKsyQeIw==

istanbul@0.4.5:
  version "0.4.5"
  resolved "https://registry.yarnpkg.com/istanbul/-/istanbul-0.4.5.tgz#65c7d73d4c4da84d4f3ac310b918fb0b8033733b"
  integrity sha512-nMtdn4hvK0HjUlzr1DrKSUY8ychprt8dzHOgY2KXsIhHu5PuQQEOTM27gV9Xblyon7aUH/TSFIjRHEODF/FRPg==
  dependencies:
    abbrev "1.0.x"
    async "1.x"
    escodegen "1.8.x"
    esprima "2.7.x"
    glob "^5.0.15"
    handlebars "^4.0.1"
    js-yaml "3.x"
    mkdirp "0.5.x"
    nopt "3.x"
    once "1.x"
    resolve "1.1.x"
    supports-color "^3.1.0"
    which "^1.1.1"
    wordwrap "^1.0.0"

jasmine-core@^4.6.0:
  version "4.6.0"
  resolved "https://registry.yarnpkg.com/jasmine-core/-/jasmine-core-4.6.0.tgz#6884fc3d5b66bf293e422751eed6d6da217c38f5"
  integrity sha512-O236+gd0ZXS8YAjFx8xKaJ94/erqUliEkJTDedyE7iHvv4ZVqi+q+8acJxu05/WJDKm512EUNn809In37nWlAQ==

jasmine@^4.0.0:
  version "4.6.0"
  resolved "https://registry.yarnpkg.com/jasmine/-/jasmine-4.6.0.tgz#2ecde288da25815c67897bb9b9b91f6709880ce1"
  integrity sha512-iq7HQ5M8ydNUspjd9vbFW9Lu+6lQ1QLDIqjl0WysEllF5EJZy8XaUyNlhCJVwOx2YFzqTtARWbS56F/f0PzRFw==
  dependencies:
    glob "^7.1.6"
    jasmine-core "^4.6.0"

js-yaml@3.x:
  version "3.14.1"
  resolved "https://registry.yarnpkg.com/js-yaml/-/js-yaml-3.14.1.tgz#dae812fdb3825fa306609a8717383c50c36a0537"
  integrity sha512-okMH7OXXJ7YrN9Ok3/SXrnu4iX9yOk+25nqX4imS2npuvTYDmo/QEZoqwZkYaIDk3jVvBOTOIEgEhaLOynBS9g==
  dependencies:
    argparse "^1.0.7"
    esprima "^4.0.0"

json-schema-traverse@^1.0.0:
  version "1.0.0"
  resolved "https://registry.yarnpkg.com/json-schema-traverse/-/json-schema-traverse-1.0.0.tgz#ae7bcb3656ab77a73ba5c49bf654f38e6b6860e2"
  integrity sha512-NM8/P9n3XjXhIZn1lLhkFaACTOURQXjWhV4BA/RnOv8xvgqtqpAX9IO4mRQxSx1Rlo4tqzeqb0sOlruaOy3dug==

json5@^2.2.0:
  version "2.2.3"
  resolved "https://registry.yarnpkg.com/json5/-/json5-2.2.3.tgz#78cd6f1a19bdc12b73db5ad0c61efd66c1e29283"
  integrity sha512-XmOWe7eyHYH14cLdVPoyg+GOH3rYX++KpzrylJwSW98t3Nk+U8XOl8FWKOgwtzdb8lXGf6zYwDUzeHMWfxasyg==

jsonc-parser@3.2.0:
  version "3.2.0"
  resolved "https://registry.yarnpkg.com/jsonc-parser/-/jsonc-parser-3.2.0.tgz#31ff3f4c2b9793f89c67212627c51c6394f88e76"
  integrity sha512-gfFQZrcTc8CnKXp6Y4/CBT3fTc0OVuDofpre4aEeEpSBPV5X5v4+Vmx+8snU7RLPrNHPKSgLxGo9YuQzz20o+w==

levn@~0.3.0:
  version "0.3.0"
  resolved "https://registry.yarnpkg.com/levn/-/levn-0.3.0.tgz#3b09924edf9f083c0490fdd4c0bc4421e04764ee"
  integrity sha512-0OO4y2iOHix2W6ujICbKIaEQXvFQHue65vUG3pb5EUomzPI90z9hsA1VsO/dbIIpC53J8gxM9Q4Oho0jrCM/yA==
  dependencies:
    prelude-ls "~1.1.2"
    type-check "~0.3.2"

log-symbols@^4.1.0:
  version "4.1.0"
  resolved "https://registry.yarnpkg.com/log-symbols/-/log-symbols-4.1.0.tgz#3fbdbb95b4683ac9fc785111e792e558d4abd503"
  integrity sha512-8XPvpAA8uyhfteu8pIvQxpJZ7SYYdpUivZpGy6sFsBuKRY/7rQGavedeB8aK+Zkyq6upMFVL/9AW6vOYzfRyLg==
  dependencies:
    chalk "^4.1.0"
    is-unicode-supported "^0.1.0"

magic-string@0.30.1:
  version "0.30.1"
  resolved "https://registry.yarnpkg.com/magic-string/-/magic-string-0.30.1.tgz#ce5cd4b0a81a5d032bd69aab4522299b2166284d"
  integrity sha512-mbVKXPmS0z0G4XqFDCTllmDQ6coZzn94aMlb0o/A4HEHJCKcanlDZwYJgwnkmgD3jyWhUgj9VsPrfd972yPffA==
  dependencies:
    "@jridgewell/sourcemap-codec" "^1.4.15"

mimic-fn@^2.1.0:
  version "2.1.0"
  resolved "https://registry.yarnpkg.com/mimic-fn/-/mimic-fn-2.1.0.tgz#7ed2c2ccccaf84d3ffcb7a69b57711fc2083401b"
  integrity sha512-OqbOk5oEQeAZ8WXWydlu9HJjz9WVdEIvamMCcXmuqUYjTknH/sqsWvhQ3vgwKFRR1HpjvNBKQ37nbJgYzGqGcg==

"minimatch@2 || 3", minimatch@^3.1.1:
  version "3.1.2"
  resolved "https://registry.yarnpkg.com/minimatch/-/minimatch-3.1.2.tgz#19cd194bfd3e428f049a70817c038d89ab4be35b"
  integrity sha512-J7p63hRiAjw1NDEww1W7i37+ByIrOWO5XQQAzZ3VOcL0PNybwpfmV/N05zFAzwQ9USyEcX6t3UO+K5aqBQOIHw==
  dependencies:
    brace-expansion "^1.1.7"

minimist@^1.2.5, minimist@^1.2.6:
  version "1.2.8"
  resolved "https://registry.yarnpkg.com/minimist/-/minimist-1.2.8.tgz#c1a464e7693302e082a075cee0c057741ac4772c"
  integrity sha512-2yyAR8qBkN3YuheJanUpWC5U3bb5osDywNB8RzDVlDwDHbocAJveqqj1u8+SVD7jkWT4yvsHCpWqqWqAxb0zCA==

mkdirp@0.5.x:
  version "0.5.6"
  resolved "https://registry.yarnpkg.com/mkdirp/-/mkdirp-0.5.6.tgz#7def03d2432dcae4ba1d611445c48396062255f6"
  integrity sha512-FP+p8RB8OWpF3YZBCrP5gtADmtXApB5AMLn+vdyA+PyxCjrCs00mjyUozssO33cwDeT3wNGdLxJ5M//YqtHAJw==
  dependencies:
    minimist "^1.2.6"

neo-async@^2.6.2:
  version "2.6.2"
  resolved "https://registry.yarnpkg.com/neo-async/-/neo-async-2.6.2.tgz#b4aafb93e3aeb2d8174ca53cf163ab7d7308305f"
  integrity sha512-Yd3UES5mWCSqR+qNT93S3UoYUkqAZ9lLg8a7g9rimsWmYGK8cVToA4/sF3RrshdyV3sAGMXVUmpMYOw+dLpOuw==

nopt@3.x:
  version "3.0.6"
  resolved "https://registry.yarnpkg.com/nopt/-/nopt-3.0.6.tgz#c6465dbf08abcd4db359317f79ac68a646b28ff9"
  integrity sha512-4GUt3kSEYmk4ITxzB/b9vaIDfUVWN/Ml1Fwl11IlnIG2iaJ9O6WXZ9SrYM9NLI8OCBieN2Y8SWC2oJV0RQ7qYg==
  dependencies:
    abbrev "1"

once@1.x, once@^1.3.0:
  version "1.4.0"
  resolved "https://registry.yarnpkg.com/once/-/once-1.4.0.tgz#583b1aa775961d4b113ac17d9c50baef9dd76bd1"
  integrity sha512-lNaJgI+2Q5URQBkccEKHTQOPaXdUxnZZElQTZY0MFUAuaEqe1E+Nyvgdz/aIyNi6Z9MzO5dv1H8n58/GELp3+w==
  dependencies:
    wrappy "1"

onetime@^5.1.0:
  version "5.1.2"
  resolved "https://registry.yarnpkg.com/onetime/-/onetime-5.1.2.tgz#d0e96ebb56b07476df1dd9c4806e5237985ca45e"
  integrity sha512-kbpaSSGJTWdAY5KPVeMOKXSrPtr8C8C7wodJbcsd51jRnmD+GZu8Y0VoU6Dm5Z4vWr0Ig/1NKuWRKf7j5aaYSg==
  dependencies:
    mimic-fn "^2.1.0"

optionator@^0.8.1:
  version "0.8.3"
  resolved "https://registry.yarnpkg.com/optionator/-/optionator-0.8.3.tgz#84fa1d036fe9d3c7e21d99884b601167ec8fb495"
  integrity sha512-+IW9pACdk3XWmmTXG8m3upGUJst5XRGzxMRjXzAuJ1XnIFNvfhjjIuYkDvysnPQ7qzqVzLt78BCruntqRhWQbA==
  dependencies:
    deep-is "~0.1.3"
    fast-levenshtein "~2.0.6"
    levn "~0.3.0"
    prelude-ls "~1.1.2"
    type-check "~0.3.2"
    word-wrap "~1.2.3"

ora@5.4.1:
  version "5.4.1"
  resolved "https://registry.yarnpkg.com/ora/-/ora-5.4.1.tgz#1b2678426af4ac4a509008e5e4ac9e9959db9e18"
  integrity sha512-5b6Y85tPxZZ7QytO+BQzysW31HJku27cRIlkbAXaNx+BdcVi+LlRFmVXzeF6a7JCwJpyw5c4b+YSVImQIrBpuQ==
  dependencies:
    bl "^4.1.0"
    chalk "^4.1.0"
    cli-cursor "^3.1.0"
    cli-spinners "^2.5.0"
    is-interactive "^1.0.0"
    is-unicode-supported "^0.1.0"
    log-symbols "^4.1.0"
    strip-ansi "^6.0.0"
    wcwidth "^1.0.1"

parse5@^7.1.2:
  version "7.1.2"
  resolved "https://registry.yarnpkg.com/parse5/-/parse5-7.1.2.tgz#0736bebbfd77793823240a23b7fc5e010b7f8e32"
  integrity sha512-Czj1WaSVpaoj0wbhMzLmWD69anp2WH7FXMB9n1Sy8/ZFF9jolSQVMu1Ij5WIyGmcBmhk7EOndpO4mIpihVqAXw==
  dependencies:
    entities "^4.4.0"

path-is-absolute@^1.0.0:
  version "1.0.1"
  resolved "https://registry.yarnpkg.com/path-is-absolute/-/path-is-absolute-1.0.1.tgz#174b9268735534ffbc7ace6bf53a5a9e1b5c5f5f"
  integrity sha512-AVbw3UJ2e9bq64vSaS9Am0fje1Pa8pbGqTTsmXfaIiMpnr5DlDhfJOuLj9Sf95ZPVDAUerDfEk88MPmPe7UCQg==

picomatch@2.3.1:
  version "2.3.1"
  resolved "https://registry.yarnpkg.com/picomatch/-/picomatch-2.3.1.tgz#3ba3833733646d9d3e4995946c1365a67fb07a42"
  integrity sha512-JU3teHTNjmE2VCGFzuY8EXzCDVwEqB2a8fsIvwaStHhAWJEeVd1o1QD80CU6+ZdEXXSLbSsuLwJjkCBWqRQUVA==

prelude-ls@~1.1.2:
  version "1.1.2"
  resolved "https://registry.yarnpkg.com/prelude-ls/-/prelude-ls-1.1.2.tgz#21932a549f5e52ffd9a827f570e04be62a97da54"
  integrity sha512-ESF23V4SKG6lVSGZgYNpbsiaAkdab6ZgOxe52p7+Kid3W3u3bxR4Vfd/o21dmN7jSt0IwgZ4v5MUd26FEtXE9w==

punycode@^2.1.0:
  version "2.3.1"
  resolved "https://registry.yarnpkg.com/punycode/-/punycode-2.3.1.tgz#027422e2faec0b25e1549c3e1bd8309b9133b6e5"
  integrity sha512-vYt7UD1U9Wg6138shLtLOvdAu+8DsC/ilFtEVHcH+wydcSpNE20AfSOduf6MkRFahL5FY7X1oU7nKVZFtfq8Fg==

readable-stream@^3.4.0:
  version "3.6.2"
  resolved "https://registry.yarnpkg.com/readable-stream/-/readable-stream-3.6.2.tgz#56a9b36ea965c00c5a93ef31eb111a0f11056967"
  integrity sha512-9u/sniCrY3D5WdsERHzHE4G2YCXqoG5FTHUiCC4SIbr6XcLZBY05ya9EKjYek9O5xOAwjGq+1JdGBAS7Q9ScoA==
  dependencies:
    inherits "^2.0.3"
    string_decoder "^1.1.1"
    util-deprecate "^1.0.1"

require-from-string@^2.0.2:
  version "2.0.2"
  resolved "https://registry.yarnpkg.com/require-from-string/-/require-from-string-2.0.2.tgz#89a7fdd938261267318eafe14f9c32e598c36909"
  integrity sha512-Xf0nWe6RseziFMu+Ap9biiUbmplq6S9/p+7w7YXP/JBHhrUDDUhwa+vANyubuqfZWTveU//DYVGsDG7RKL/vEw==

resolve@1.1.x:
  version "1.1.7"
  resolved "https://registry.yarnpkg.com/resolve/-/resolve-1.1.7.tgz#203114d82ad2c5ed9e8e0411b3932875e889e97b"
  integrity sha512-9znBF0vBcaSN3W2j7wKvdERPwqTxSpCq+if5C0WoTCyV9n24rua28jeuQ2pL/HOf+yUe/Mef+H/5p60K0Id3bg==

restore-cursor@^3.1.0:
  version "3.1.0"
  resolved "https://registry.yarnpkg.com/restore-cursor/-/restore-cursor-3.1.0.tgz#39f67c54b3a7a58cea5236d95cf0034239631f7e"
  integrity sha512-l+sSefzHpj5qimhFSE5a8nufZYAM3sBSVMAPtYkmC+4EH2anSGaEMXSD0izRQbu9nfyQ9y5JrVmp7E8oZrUjvA==
  dependencies:
    onetime "^5.1.0"
    signal-exit "^3.0.2"

rxjs@7.8.1:
  version "7.8.1"
  resolved "https://registry.yarnpkg.com/rxjs/-/rxjs-7.8.1.tgz#6f6f3d99ea8044291efd92e7c7fcf562c4057543"
  integrity sha512-AA3TVj+0A2iuIoQkWEK/tqFjBq2j+6PO6Y0zJcvzLAFhEFIO3HL0vls9hWLncZbAAbK0mar7oZ4V079I/qPMxg==
  dependencies:
    tslib "^2.1.0"

safe-buffer@~5.2.0:
  version "5.2.1"
  resolved "https://registry.yarnpkg.com/safe-buffer/-/safe-buffer-5.2.1.tgz#1eaf9fa9bdb1fdd4ec75f58f9cdb4e6b7827eec6"
  integrity sha512-rp3So07KcdmmKbGvgaNxQSJr7bGVSVk5S9Eq1F+ppbRo70+YeaDxkw5Dd8NPN+GD6bjnYm2VuPuCXmpuYvmCXQ==

signal-exit@^3.0.2:
  version "3.0.7"
  resolved "https://registry.yarnpkg.com/signal-exit/-/signal-exit-3.0.7.tgz#a9a1767f8af84155114eaabd73f99273c8f59ad9"
  integrity sha512-wnD2ZE+l+SPC/uoS0vXeE9L1+0wuaMqKlfz9AMUo38JsyLSBWSFcHR1Rri62LZc12vLr1gb3jl7iwQhgwpAbGQ==

source-map@0.7.4:
  version "0.7.4"
  resolved "https://registry.yarnpkg.com/source-map/-/source-map-0.7.4.tgz#a9bbe705c9d8846f4e08ff6765acf0f1b0898656"
  integrity sha512-l3BikUxvPOcn5E74dZiq5BGsTb5yEwhaTSzccU6t4sDOH8NWJCstKO5QT2CvtFoK6F0saL7p9xHAqHOlCPJygA==

source-map@^0.6.1:
  version "0.6.1"
  resolved "https://registry.yarnpkg.com/source-map/-/source-map-0.6.1.tgz#74722af32e9614e9c287a8d0bbde48b5e2f1a263"
  integrity sha512-UjgapumWlbMhkBgzT7Ykc5YXUT46F0iKu8SGXq0bcwP5dz/h0Plj6enJqjz1Zbq2l5WaqYnrVbwWOWMyF3F47g==

source-map@~0.2.0:
  version "0.2.0"
  resolved "https://registry.yarnpkg.com/source-map/-/source-map-0.2.0.tgz#dab73fbcfc2ba819b4de03bd6f6eaa48164b3f9d"
  integrity sha512-CBdZ2oa/BHhS4xj5DlhjWNHcan57/5YuvfdLf17iVmIpd9KRm+DFLmC6nBNj+6Ua7Kt3TmOjDpQT1aTYOQtoUA==
  dependencies:
    amdefine ">=0.0.4"

sprintf-js@~1.0.2:
  version "1.0.3"
  resolved "https://registry.yarnpkg.com/sprintf-js/-/sprintf-js-1.0.3.tgz#04e6926f662895354f3dd015203633b857297e2c"
  integrity sha512-D9cPgkvLlV3t3IzL0D0YLvGA9Ahk4PcvVwUbN0dSGr1aP0Nrt4AEnTUbuGvquEC0mA64Gqt1fzirlRs5ibXx8g==

string_decoder@^1.1.1:
  version "1.3.0"
  resolved "https://registry.yarnpkg.com/string_decoder/-/string_decoder-1.3.0.tgz#42f114594a46cf1a8e30b0a84f56c78c3edac21e"
  integrity sha512-hkRX8U1WjJFd8LsDJ2yQ/wWWxaopEsABU1XfkM8A+j0+85JAGppt16cr1Whg6KIbb4okU6Mql6BOj+uup/wKeA==
  dependencies:
    safe-buffer "~5.2.0"

strip-ansi@^6.0.0:
  version "6.0.1"
  resolved "https://registry.yarnpkg.com/strip-ansi/-/strip-ansi-6.0.1.tgz#9e26c63d30f53443e9489495b2105d37b67a85d9"
  integrity sha512-Y38VPSHcqkFrCpFnQ9vuSXmquuv5oXOKpGeT6aGrr3o3Gc9AlVa6JBfUSOCnbxGGZF+/0ooI7KrPuUSztUdU5A==
  dependencies:
    ansi-regex "^5.0.1"

supports-color@^3.1.0:
  version "3.2.3"
  resolved "https://registry.yarnpkg.com/supports-color/-/supports-color-3.2.3.tgz#65ac0504b3954171d8a64946b2ae3cbb8a5f54f6"
  integrity sha512-Jds2VIYDrlp5ui7t8abHN2bjAu4LV/q4N2KivFPpGH0lrka0BMq/33AmECUXlKPcHigkNaqfXRENFju+rlcy+A==
  dependencies:
    has-flag "^1.0.0"

supports-color@^7.1.0:
  version "7.2.0"
  resolved "https://registry.yarnpkg.com/supports-color/-/supports-color-7.2.0.tgz#1b7dcdcb32b8138801b3e478ba6a51caa89648da"
  integrity sha512-qpCAvRl9stuOHveKsn7HncJRvv501qIacKzQlO/+Lwxc9+0q2wLyv4Dfvt80/DPn2pqOBsJdDiogXGR9+OvwRw==
  dependencies:
    has-flag "^4.0.0"

tslib@^2.1.0, tslib@^2.3.0:
  version "2.6.2"
  resolved "https://registry.yarnpkg.com/tslib/-/tslib-2.6.2.tgz#703ac29425e7b37cd6fd456e92404d46d1f3e4ae"
  integrity sha512-AEYxH93jGFPn/a2iVAwW87VuUIkR1FVUKB77NwMF7nBTDkDrrT/Hpt/IrCJ0QXhW27jTBDcf5ZY7w6RiqTMw2Q==

type-check@~0.3.2:
  version "0.3.2"
  resolved "https://registry.yarnpkg.com/type-check/-/type-check-0.3.2.tgz#5884cab512cf1d355e3fb784f30804b2b520db72"
  integrity sha512-ZCmOJdvOWDBYJlzAoFkC+Q0+bUyEOS1ltgp1MGU03fqHG+dbi9tBFU2Rd9QKiDZFAYrhPh2JUf7rZRIuHRKtOg==
  dependencies:
    prelude-ls "~1.1.2"

typescript@~5.1.3:
  version "5.1.6"
  resolved "https://registry.yarnpkg.com/typescript/-/typescript-5.1.6.tgz#02f8ac202b6dad2c0dd5e0913745b47a37998274"
  integrity sha512-zaWCozRZ6DLEWAWFrVDz1H6FVXzUSfTy5FUMWsQlU8Ym5JP9eO4xkTIROFCQvhQf61z6O/G6ugw3SgAnvvm+HA==

uglify-js@^3.1.4:
  version "3.17.4"
  resolved "https://registry.yarnpkg.com/uglify-js/-/uglify-js-3.17.4.tgz#61678cf5fa3f5b7eb789bb345df29afb8257c22c"
  integrity sha512-T9q82TJI9e/C1TAxYvfb16xO120tMVFZrGA3f9/P4424DNu6ypK103y0GPFVa17yotwSyZW5iYXgjYHkGrJW/g==

uri-js@^4.2.2:
  version "4.4.1"
  resolved "https://registry.yarnpkg.com/uri-js/-/uri-js-4.4.1.tgz#9b1a52595225859e55f669d928f88c6c57f2a77e"
  integrity sha512-7rKUyy33Q1yc98pQ1DAmLtwX109F7TIfWlW1Ydo8Wl1ii1SeHieeh0HHfPeL2fMXK6z0s8ecKs9frCuLJvndBg==
  dependencies:
    punycode "^2.1.0"

util-deprecate@^1.0.1:
  version "1.0.2"
  resolved "https://registry.yarnpkg.com/util-deprecate/-/util-deprecate-1.0.2.tgz#450d4dc9fa70de732762fbd2d4a28981419a0ccf"
  integrity sha512-EPD5q1uXyFxJpCrLnCc1nHnq3gOa6DZBocAIiI2TaSCA7VCJ1UJDMagCzIkXNsUYfD1daK//LTEQ8xiIbrHtcw==

wcwidth@^1.0.1:
  version "1.0.1"
  resolved "https://registry.yarnpkg.com/wcwidth/-/wcwidth-1.0.1.tgz#f0b0dcf915bc5ff1528afadb2c0e17b532da2fe8"
  integrity sha512-XHPEwS0q6TaxcvG85+8EYkbiCux2XtWG2mkc47Ng2A77BQu9+DqIOJldST4HgPkuea7dvKSj5VgX3P1d4rW8Tg==
  dependencies:
    defaults "^1.0.3"

which@^1.1.1:
  version "1.3.1"
  resolved "https://registry.yarnpkg.com/which/-/which-1.3.1.tgz#a45043d54f5805316da8d62f9f50918d3da70b0a"
  integrity sha512-HxJdYWq1MTIQbJ3nw0cqssHoTNU267KlrDuGZ1WYlxDStUtKUhOaJmh112/TZmHxxUfuJqPXSOm7tDyas0OSIQ==
  dependencies:
    isexe "^2.0.0"

word-wrap@~1.2.3:
  version "1.2.5"
  resolved "https://registry.yarnpkg.com/word-wrap/-/word-wrap-1.2.5.tgz#d2c45c6dd4fbce621a66f136cbe328afd0410b34"
  integrity sha512-BN22B5eaMMI9UMtjrGd5g5eCYPpCPDUy0FJXbYsaT5zYxjFOckS53SQDE3pWkVoWpHXVb3BrYcEN4Twa55B5cA==

wordwrap@^1.0.0:
  version "1.0.0"
  resolved "https://registry.yarnpkg.com/wordwrap/-/wordwrap-1.0.0.tgz#27584810891456a4171c8d0226441ade90cbcaeb"
  integrity sha512-gvVzJFlPycKc5dZN4yPkP8w7Dc37BtP1yczEneOb4uq34pXZcvrtRTmWV8W+Ume+XCxKgbjM+nevkyFPMybd4Q==

wrappy@1:
  version "1.0.2"
  resolved "https://registry.yarnpkg.com/wrappy/-/wrappy-1.0.2.tgz#b5243d8f3ec1aa35f1364605bc0d1036e30ab69f"
  integrity sha512-l4Sp/DRseor9wL6EvV2+TuQn63dMkPjZ/sp9XkghTEbV9KlPS1xUsZ3u7/IQO4wxtcFB4bgpQPRcR3QCvezPcQ==
